
Microsoft Visual Studio Solution File, Format Version 12.00
# Visual Studio Version 16
VisualStudioVersion = 16.0.31515.178
MinimumVisualStudioVersion = 10.0.40219.1
Project("{FAE04EC0-301F-11D3-BF4B-00C04F79EFBC}") = "Parcial1_SamuelPalacio", "Parcial1_SamuelPalacio\Parcial1_SamuelPalacio.csproj", "{BEDEC526-D704-4FCD-B781-5E88D41FB2C7}"
EndProject
Global
	GlobalSection(SolutionConfigurationPlatforms) = preSolution
		Debug|Any CPU = Debug|Any CPU
		Release|Any CPU = Release|Any CPU
	EndGlobalSection
	GlobalSection(ProjectConfigurationPlatforms) = postSolution
		{BEDEC526-D704-4FCD-B781-5E88D41FB2C7}.Debug|Any CPU.ActiveCfg = Debug|Any CPU
		{BEDEC526-D704-4FCD-B781-5E88D41FB2C7}.Debug|Any CPU.Build.0 = Debug|Any CPU
		{BEDEC526-D704-4FCD-B781-5E88D41FB2C7}.Release|Any CPU.ActiveCfg = Release|Any CPU
		{BEDEC526-D704-4FCD-B781-5E88D41FB2C7}.Release|Any CPU.Build.0 = Release|Any CPU
	EndGlobalSection
	GlobalSection(SolutionProperties) = preSolution
		HideSolutionNode = FALSE
	EndGlobalSection
	GlobalSection(ExtensibilityGlobals) = postSolution
		SolutionGuid = {C9F86BF4-D2A1-41DA-B6E1-CAA814CBF7D2}
	EndGlobalSection
EndGlobal
